
Microsoft Visual Studio Solution File, Format Version 12.00
# Visual Studio Version 17
VisualStudioVersion = 17.7.34221.43
MinimumVisualStudioVersion = 10.0.40219.1
Project("{FAE04EC0-301F-11D3-BF4B-00C04F79EFBC}") = "lp3Trabalho", "lp3Trabalho\lp3Trabalho.csproj", "{60B4051F-01B6-46A5-A580-0246EC900E09}"
EndProject
Global
	GlobalSection(SolutionConfigurationPlatforms) = preSolution
		Debug|Any CPU = Debug|Any CPU
		Release|Any CPU = Release|Any CPU
	EndGlobalSection
	GlobalSection(ProjectConfigurationPlatforms) = postSolution
		{60B4051F-01B6-46A5-A580-0246EC900E09}.Debug|Any CPU.ActiveCfg = Debug|Any CPU
		{60B4051F-01B6-46A5-A580-0246EC900E09}.Debug|Any CPU.Build.0 = Debug|Any CPU
		{60B4051F-01B6-46A5-A580-0246EC900E09}.Release|Any CPU.ActiveCfg = Release|Any CPU
		{60B4051F-01B6-46A5-A580-0246EC900E09}.Release|Any CPU.Build.0 = Release|Any CPU
	EndGlobalSection
	GlobalSection(SolutionProperties) = preSolution
		HideSolutionNode = FALSE
	EndGlobalSection
	GlobalSection(ExtensibilityGlobals) = postSolution
		SolutionGuid = {555C1DA0-AE57-4AA2-A779-BCC310200888}
	EndGlobalSection
EndGlobal
