
Microsoft Visual Studio Solution File, Format Version 12.00
# Visual Studio Version 17
VisualStudioVersion = 17.7.34221.43
MinimumVisualStudioVersion = 10.0.40219.1
Project("{FAE04EC0-301F-11D3-BF4B-00C04F79EFBC}") = "SistemaDeGerenc.BLL", "SistemaDeGerenc.BLL\SistemaDeGerenc.BLL.csproj", "{72E329E2-621A-404E-9F70-FC502CAFB146}"
EndProject
Project("{FAE04EC0-301F-11D3-BF4B-00C04F79EFBC}") = "SistemaDeGerenc.APPv1", "SistemaDeGerenc.APPv1\SistemaDeGerenc.APPv1.csproj", "{FAA78C1B-F44B-487D-9A47-9B28BCB801C0}"
EndProject
Project("{FAE04EC0-301F-11D3-BF4B-00C04F79EFBC}") = "SistemaDeGerenc.DAL", "SistemaDeGerenc.DAL\SistemaDeGerenc.DAL.csproj", "{400C138C-8F7B-4CE7-83F9-CD90627DA229}"
EndProject
Project("{FAE04EC0-301F-11D3-BF4B-00C04F79EFBC}") = "SistemaDeGerenc.MODEL", "SistemaDeGerenc.MODEL\SistemaDeGerenc.MODEL.csproj", "{1DC6E103-2089-4F57-B11A-9EF2818ECF6C}"
EndProject
Global
	GlobalSection(SolutionConfigurationPlatforms) = preSolution
		Debug|Any CPU = Debug|Any CPU
		Release|Any CPU = Release|Any CPU
	EndGlobalSection
	GlobalSection(ProjectConfigurationPlatforms) = postSolution
		{72E329E2-621A-404E-9F70-FC502CAFB146}.Debug|Any CPU.ActiveCfg = Debug|Any CPU
		{72E329E2-621A-404E-9F70-FC502CAFB146}.Debug|Any CPU.Build.0 = Debug|Any CPU
		{72E329E2-621A-404E-9F70-FC502CAFB146}.Release|Any CPU.ActiveCfg = Release|Any CPU
		{72E329E2-621A-404E-9F70-FC502CAFB146}.Release|Any CPU.Build.0 = Release|Any CPU
		{FAA78C1B-F44B-487D-9A47-9B28BCB801C0}.Debug|Any CPU.ActiveCfg = Debug|Any CPU
		{FAA78C1B-F44B-487D-9A47-9B28BCB801C0}.Debug|Any CPU.Build.0 = Debug|Any CPU
		{FAA78C1B-F44B-487D-9A47-9B28BCB801C0}.Release|Any CPU.ActiveCfg = Release|Any CPU
		{FAA78C1B-F44B-487D-9A47-9B28BCB801C0}.Release|Any CPU.Build.0 = Release|Any CPU
		{400C138C-8F7B-4CE7-83F9-CD90627DA229}.Debug|Any CPU.ActiveCfg = Debug|Any CPU
		{400C138C-8F7B-4CE7-83F9-CD90627DA229}.Debug|Any CPU.Build.0 = Debug|Any CPU
		{400C138C-8F7B-4CE7-83F9-CD90627DA229}.Release|Any CPU.ActiveCfg = Release|Any CPU
		{400C138C-8F7B-4CE7-83F9-CD90627DA229}.Release|Any CPU.Build.0 = Release|Any CPU
		{1DC6E103-2089-4F57-B11A-9EF2818ECF6C}.Debug|Any CPU.ActiveCfg = Debug|Any CPU
		{1DC6E103-2089-4F57-B11A-9EF2818ECF6C}.Debug|Any CPU.Build.0 = Debug|Any CPU
		{1DC6E103-2089-4F57-B11A-9EF2818ECF6C}.Release|Any CPU.ActiveCfg = Release|Any CPU
		{1DC6E103-2089-4F57-B11A-9EF2818ECF6C}.Release|Any CPU.Build.0 = Release|Any CPU
	EndGlobalSection
	GlobalSection(SolutionProperties) = preSolution
		HideSolutionNode = FALSE
	EndGlobalSection
	GlobalSection(ExtensibilityGlobals) = postSolution
		SolutionGuid = {47658987-F614-4B6A-A54F-4DE054DB6B48}
	EndGlobalSection
EndGlobal
